
Microsoft Visual Studio Solution File, Format Version 12.00
# Visual Studio Version 17
VisualStudioVersion = 17.12.35707.178
MinimumVisualStudioVersion = 10.0.40219.1
Project("{FAE04EC0-301F-11D3-BF4B-00C04F79EFBC}") = "ServiceOrdersManagement", "ServiceOrdersAPI\ServiceOrdersManagement.csproj", "{8A75B48D-8F5C-4C44-8451-0B0693A81BF8}"
EndProject
Project("{FAE04EC0-301F-11D3-BF4B-00C04F79EFBC}") = "ServiceOrdersManagement.Tests", "ServiceOrdersManagement.Test\ServiceOrdersManagement.Tests.csproj", "{B8C86EC9-96C4-41A5-B1BE-07551C27DFEE}"
EndProject
Global
	GlobalSection(SolutionConfigurationPlatforms) = preSolution
		Debug|Any CPU = Debug|Any CPU
		Release|Any CPU = Release|Any CPU
	EndGlobalSection
	GlobalSection(ProjectConfigurationPlatforms) = postSolution
		{8A75B48D-8F5C-4C44-8451-0B0693A81BF8}.Debug|Any CPU.ActiveCfg = Debug|Any CPU
		{8A75B48D-8F5C-4C44-8451-0B0693A81BF8}.Debug|Any CPU.Build.0 = Debug|Any CPU
		{8A75B48D-8F5C-4C44-8451-0B0693A81BF8}.Release|Any CPU.ActiveCfg = Release|Any CPU
		{8A75B48D-8F5C-4C44-8451-0B0693A81BF8}.Release|Any CPU.Build.0 = Release|Any CPU
		{B8C86EC9-96C4-41A5-B1BE-07551C27DFEE}.Debug|Any CPU.ActiveCfg = Debug|Any CPU
		{B8C86EC9-96C4-41A5-B1BE-07551C27DFEE}.Debug|Any CPU.Build.0 = Debug|Any CPU
		{B8C86EC9-96C4-41A5-B1BE-07551C27DFEE}.Release|Any CPU.ActiveCfg = Release|Any CPU
		{B8C86EC9-96C4-41A5-B1BE-07551C27DFEE}.Release|Any CPU.Build.0 = Release|Any CPU
	EndGlobalSection
	GlobalSection(SolutionProperties) = preSolution
		HideSolutionNode = FALSE
	EndGlobalSection
EndGlobal
